
Microsoft Visual Studio Solution File, Format Version 12.00
# Visual Studio Version 16
VisualStudioVersion = 16.0.32802.440
MinimumVisualStudioVersion = 10.0.40219.1
Project("{FAE04EC0-301F-11D3-BF4B-00C04F79EFBC}") = "NewShoppingClient", "NewShoppingClient.csproj", "{7C23B945-9DAA-4BF8-9477-5EE40F5987F0}"
EndProject
Global
	GlobalSection(SolutionConfigurationPlatforms) = preSolution
		Debug|Any CPU = Debug|Any CPU
		Release|Any CPU = Release|Any CPU
	EndGlobalSection
	GlobalSection(ProjectConfigurationPlatforms) = postSolution
		{7C23B945-9DAA-4BF8-9477-5EE40F5987F0}.Debug|Any CPU.ActiveCfg = Debug|Any CPU
		{7C23B945-9DAA-4BF8-9477-5EE40F5987F0}.Debug|Any CPU.Build.0 = Debug|Any CPU
		{7C23B945-9DAA-4BF8-9477-5EE40F5987F0}.Release|Any CPU.ActiveCfg = Release|Any CPU
		{7C23B945-9DAA-4BF8-9477-5EE40F5987F0}.Release|Any CPU.Build.0 = Release|Any CPU
	EndGlobalSection
	GlobalSection(SolutionProperties) = preSolution
		HideSolutionNode = FALSE
	EndGlobalSection
	GlobalSection(ExtensibilityGlobals) = postSolution
		SolutionGuid = {D1EEF94B-B4D2-41D2-A074-9404E24F2BB7}
	EndGlobalSection
EndGlobal
